<?xml version="1.0" encoding="utf-8"?>
<Project ToolsVersion="4.0" xmlns="http://schemas.microsoft.com/developer/msbuild/2003">
  <ItemGroup>
    <ClCompile Include="acrxEntryPoint.cpp">
      <Filter>Source Files</Filter>
    </ClCompile>
    <ClCompile Include="dllmain.cpp">
      <Filter>Source Files</Filter>
    </ClCompile>
    <ClCompile Include="DocData.cpp">
      <Filter>Source Files</Filter>
    </ClCompile>
    <ClCompile Include="StdAfx.cpp">
      <Filter>Source Files</Filter>
    </ClCompile>
    <ClCompile Include="AcGePoint3dTreeAdapter.cpp">
      <Filter>Source Files</Filter>
    </ClCompile>
    <ClCompile Include="AdsMap.cpp">
      <Filter>Source Files</Filter>
    </ClCompile>
    <ClCompile Include="DelaunaySolver.cpp">
      <Filter>Source Files</Filter>
    </ClCompile>
    <ClCompile Include="VoronoiSolver.cpp">
      <Filter>Source Files</Filter>
    </ClCompile>
    <ClCompile Include="PointFileReader.cpp">
      <Filter>Source Files</Filter>
    </ClCompile>
  </ItemGroup>
  <ItemGroup>
    <ClInclude Include="Resource.h">
      <Filter>Header Files</Filter>
    </ClInclude>
    <ClInclude Include="DocData.h">
      <Filter>Header Files</Filter>
    </ClInclude>
    <ClInclude Include="StdAfx.h">
      <Filter>Header Files</Filter>
    </ClInclude>
    <ClInclude Include="nanoflann.hpp">
      <Filter>Header Files</Filter>
    </ClInclude>
    <ClInclude Include="AcGePoint3dTreeAdapter.h">
      <Filter>Header Files</Filter>
    </ClInclude>
    <ClInclude Include="AdsMap.h">
      <Filter>Header Files</Filter>
    </ClInclude>
    <ClInclude Include="delaunator.h">
      <Filter>Header Files</Filter>
    </ClInclude>
    <ClInclude Include="DelaunaySolver.h">
      <Filter>Header Files</Filter>
    </ClInclude>
    <ClInclude Include="VoronoiSolver.h">
      <Filter>Header Files</Filter>
    </ClInclude>
    <ClInclude Include="PointFileReader.h">
      <Filter>Header Files</Filter>
    </ClInclude>
  </ItemGroup>
  <ItemGroup>
    <Filter Include="Header Files">
      <UniqueIdentifier>{06f2ee10-a704-48c4-b087-f3b6a58c01b3}</UniqueIdentifier>
    </Filter>
    <Filter Include="Source Files">
      <UniqueIdentifier>{ce0ed860-dbc4-4044-972b-d96d549883a0}</UniqueIdentifier>
    </Filter>
    <Filter Include="Resouce Files">
      <UniqueIdentifier>{5fb4dac7-49dc-47a5-a18f-735d08f4a695}</UniqueIdentifier>
    </Filter>
  </ItemGroup>
  <ItemGroup>
    <ResourceCompile Include="ArxBrxTest.rc">
      <Filter>Resouce Files</Filter>
    </ResourceCompile>
  </ItemGroup>
</Project>